// !$*UTF8*$!
{
	archiveVersion = 1;
	classes = {
	};
	objectVersion = 46;
	objects = {

/* Begin PBXBuildFile section */
		B70871BC1CF5449B0051AC6D /* main.m in Sources */ = {isa = PBXBuildFile; fileRef = B70871BB1CF5449B0051AC6D /* main.m */; };
		B70871BF1CF5449B0051AC6D /* AppDelegate.m in Sources */ = {isa = PBXBuildFile; fileRef = B70871BE1CF5449B0051AC6D /* AppDelegate.m */; };
		B70871C21CF5449B0051AC6D /* ViewController.m in Sources */ = {isa = PBXBuildFile; fileRef = B70871C11CF5449B0051AC6D /* ViewController.m */; };
		B70871C51CF5449B0051AC6D /* Main.storyboard in Resources */ = {isa = PBXBuildFile; fileRef = B70871C31CF5449B0051AC6D /* Main.storyboard */; };
		B70871C71CF5449B0051AC6D /* Assets.xcassets in Resources */ = {isa = PBXBuildFile; fileRef = B70871C61CF5449B0051AC6D /* Assets.xcassets */; };
		B70871CA1CF5449B0051AC6D /* LaunchScreen.storyboard in Resources */ = {isa = PBXBuildFile; fileRef = B70871C81CF5449B0051AC6D /* LaunchScreen.storyboard */; };
/* End PBXBuildFile section */

/* Begin PBXFileReference section */
		B70871B71CF5449B0051AC6D /* ETSummnor.app */ = {isa = PBXFileReference; explicitFileType = wrapper.application; includeInIndex = 0; path = ETSummnor.app; sourceTree = BUILT_PRODUCTS_DIR; };
		B70871BB1CF5449B0051AC6D /* main.m */ = {isa = PBXFileReference; lastKnownFileType = sourcecode.c.objc; path = main.m; sourceTree = "<group>"; };
		B70871BD1CF5449B0051AC6D /* AppDelegate.h */ = {isa = PBXFileReference; lastKnownFileType = sourcecode.c.h; path = AppDelegate.h; sourceTree = "<group>"; };
		B70871BE1CF5449B0051AC6D /* AppDelegate.m */ = {isa = PBXFileReference; lastKnownFileType = sourcecode.c.objc; path = AppDelegate.m; sourceTree = "<group>"; };
		B70871C01CF5449B0051AC6D /* ViewController.h */ = {isa = PBXFileReference; lastKnownFileType = sourcecode.c.h; path = ViewController.h; sourceTree = "<group>"; };
		B70871C11CF5449B0051AC6D /* ViewController.m */ = {isa = PBXFileReference; lastKnownFileType = sourcecode.c.objc; path = ViewController.m; sourceTree = "<group>"; };
		B70871C41CF5449B0051AC6D /* Base */ = {isa = PBXFileReference; lastKnownFileType = file.storyboard; name = Base; path = Base.lproj/Main.storyboard; sourceTree = "<group>"; };
		B70871C61CF5449B0051AC6D /* Assets.xcassets */ = {isa = PBXFileReference; lastKnownFileType = folder.assetcatalog; path = Assets.xcassets; sourceTree = "<group>"; };
		B70871C91CF5449B0051AC6D /* Base */ = {isa = PBXFileReference; lastKnownFileType = file.storyboard; name = Base; path = Base.lproj/LaunchScreen.storyboard; sourceTree = "<group>"; };
		B70871CB1CF5449B0051AC6D /* Info.plist */ = {isa = PBXFileReference; lastKnownFileType = text.plist.xml; path = Info.plist; sourceTree = "<group>"; };
/* End PBXFileReference section */

/* Begin PBXFrameworksBuildPhase section */
		B70871B41CF5449B0051AC6D /* Frameworks */ = {
			isa = PBXFrameworksBuildPhase;
			buildActionMask = 2147483647;
			files = (
			);
			runOnlyForDeploymentPostprocessing = 0;
		};
/* End PBXFrameworksBuildPhase section */

/* Begin PBXGroup section */
		B70871AE1CF5449B0051AC6D = {
			isa = PBXGroup;
			children = (
				B70871B91CF5449B0051AC6D /* ETSummnor */,
				B70871B81CF5449B0051AC6D /* Products */,
			);
			sourceTree = "<group>";
		};
		B70871B81CF5449B0051AC6D /* Products */ = {
			isa = PBXGroup;
			children = (
				B70871B71CF5449B0051AC6D /* ETSummnor.app */,
			);
			name = Products;
			sourceTree = "<group>";
		};
		B70871B91CF5449B0051AC6D /* ETSummnor */ = {
			isa = PBXGroup;
			children = (
				B70871BD1CF5449B0051AC6D /* AppDelegate.h */,
				B70871BE1CF5449B0051AC6D /* AppDelegate.m */,
				B70871C01CF5449B0051AC6D /* ViewController.h */,
				B70871C11CF5449B0051AC6D /* ViewController.m */,
				B70871C31CF5449B0051AC6D /* Main.storyboard */,
				B70871C61CF5449B0051AC6D /* Assets.xcassets */,
				B70871C81CF5449B0051AC6D /* LaunchScreen.storyboard */,
				B70871CB1CF5449B0051AC6D /* Info.plist */,
				B70871BA1CF5449B0051AC6D /* Supporting Files */,
			);
			path = ETSummnor;
			sourceTree = "<group>";
		};
		B70871BA1CF5449B0051AC6D /* Supporting Files */ = {
			isa = PBXGroup;
			children = (
				B70871BB1CF5449B0051AC6D /* main.m */,
			);
			name = "Supporting Files";
			sourceTree = "<group>";
		};
/* End PBXGroup section */

/* Begin PBXNativeTarget section */
		B70871B61CF5449B0051AC6D /* ETSummnor */ = {
			isa = PBXNativeTarget;
			buildConfigurationList = B70871CE1CF5449B0051AC6D /* Build configuration list for PBXNativeTarget "ETSummnor" */;
			buildPhases = (
				B70871B31CF5449B0051AC6D /* Sources */,
				B70871B41CF5449B0051AC6D /* Frameworks */,
				B70871B51CF5449B0051AC6D /* Resources */,
			);
			buildRules = (
			);
			dependencies = (
			);
			name = ETSummnor;
			productName = ETSummnor;
			productReference = B70871B71CF5449B0051AC6D /* ETSummnor.app */;
			productType = "com.apple.product-type.application";
		};
/* End PBXNativeTarget section */

/* Begin PBXProject section */
		B70871AF1CF5449B0051AC6D /* Project object */ = {
			isa = PBXProject;
			attributes = {
				LastUpgradeCheck = 0720;
				ORGANIZATIONNAME = chaoran;
				TargetAttributes = {
					B70871B61CF5449B0051AC6D = {
						CreatedOnToolsVersion = 7.2.1;
					};
				};
			};
			buildConfigurationList = B70871B21CF5449B0051AC6D /* Build configuration list for PBXProject "ETSummnor" */;
			compatibilityVersion = "Xcode 3.2";
			developmentRegion = English;
			hasScannedForEncodings = 0;
			knownRegions = (
				en,
				Base,
			);
			mainGroup = B70871AE1CF5449B0051AC6D;
			productRefGroup = B70871B81CF5449B0051AC6D /* Products */;
			projectDirPath = "";
			projectRoot = "";
			targets = (
				B70871B61CF5449B0051AC6D /* ETSummnor */,
			);
		};
/* End PBXProject section */

/* Begin PBXResourcesBuildPhase section */
		B70871B51CF5449B0051AC6D /* Resources */ = {
			isa = PBXResourcesBuildPhase;
			buildActionMask = 2147483647;
			files = (
				B70871CA1CF5449B0051AC6D /* LaunchScreen.storyboard in Resources */,
				B70871C71CF5449B0051AC6D /* Assets.xcassets in Resources */,
				B70871C51CF5449B0051AC6D /* Main.storyboard in Resources */,
			);
			runOnlyForDeploymentPostprocessing = 0;
		};
/* End PBXResourcesBuildPhase section */

/* Begin PBXSourcesBuildPhase section */
		B70871B31CF5449B0051AC6D /* Sources */ = {
			isa = PBXSourcesBuildPhase;
			buildActionMask = 2147483647;
			files = (
				B70871C21CF5449B0051AC6D /* ViewController.m in Sources */,
				B70871BF1CF5449B0051AC6D /* AppDelegate.m in Sources */,
				B70871BC1CF5449B0051AC6D /* main.m in Sources */,
			);
			runOnlyForDeploymentPostprocessing = 0;
		};
/* End PBXSourcesBuildPhase section */

/* Begin PBXVariantGroup section */
		B70871C31CF5449B0051AC6D /* Main.storyboard */ = {
			isa = PBXVariantGroup;
			children = (
				B70871C41CF5449B0051AC6D /* Base */,
			);
			name = Main.storyboard;
			sourceTree = "<group>";
		};
		B70871C81CF5449B0051AC6D /* LaunchScreen.storyboard */ = {
			isa = PBXVariantGroup;
			children = (
				B70871C91CF5449B0051AC6D /* Base */,
			);
			name = LaunchScreen.storyboard;
			sourceTree = "<group>";
		};
/* End PBXVariantGroup section */

/* Begin XCBuildConfiguration section */
		B70871CC1CF5449B0051AC6D /* Debug */ = {
			isa = XCBuildConfiguration;
			buildSettings = {
				ALWAYS_SEARCH_USER_PATHS = NO;
				CLANG_CXX_LANGUAGE_STANDARD = "gnu++0x";
				CLANG_CXX_LIBRARY = "libc++";
				CLANG_ENABLE_MODULES = YES;
				CLANG_ENABLE_OBJC_ARC = YES;
				CLANG_WARN_BOOL_CONVERSION = YES;
				CLANG_WARN_CONSTANT_CONVERSION = YES;
				CLANG_WARN_DIRECT_OBJC_ISA_USAGE = YES_ERROR;
				CLANG_WARN_EMPTY_BODY = YES;
				CLANG_WARN_ENUM_CONVERSION = YES;
				CLANG_WARN_INT_CONVERSION = YES;
				CLANG_WARN_OBJC_ROOT_CLASS = YES_ERROR;
				CLANG_WARN_UNREACHABLE_CODE = YES;
				CLANG_WARN__DUPLICATE_METHOD_MATCH = YES;
				"CODE_SIGN_IDENTITY[sdk=iphoneos*]" = "iPhone Developer";
				COPY_PHASE_STRIP = NO;
				DEBUG_INFORMATION_FORMAT = dwarf;
				ENABLE_STRICT_OBJC_MSGSEND = YES;
				ENABLE_TESTABILITY = YES;
				GCC_C_LANGUAGE_STANDARD = gnu99;
				GCC_DYNAMIC_NO_PIC = NO;
				GCC_NO_COMMON_BLOCKS = YES;
				GCC_OPTIMIZATION_LEVEL = 0;
				GCC_PREPROCESSOR_DEFINITIONS = (
					"DEBUG=1",
					"$(inherited)",
				);
				GCC_WARN_64_TO_32_BIT_CONVERSION = YES;
				GCC_WARN_ABOUT_RETURN_TYPE = YES_ERROR;
				GCC_WARN_UNDECLARED_SELECTOR = YES;
				GCC_WARN_UNINITIALIZED_AUTOS = YES_AGGRESSIVE;
				GCC_WARN_UNUSED_FUNCTION = YES;
				GCC_WARN_UNUSED_VARIABLE = YES;
				IPHONEOS_DEPLOYMENT_TARGET = 9.2;
				MTL_ENABLE_DEBUG_INFO = YES;
				ONLY_ACTIVE_ARCH = YES;
				SDKROOT = iphoneos;
				TARGETED_DEVICE_FAMILY = "1,2";
			};
			name = Debug;
		};
		B70871CD1CF5449B0051AC6D /* Release */ = {
			isa = XCBuildConfiguration;
			buildSettings = {
				ALWAYS_SEARCH_USER_PATHS = NO;
				CLANG_CXX_LANGUAGE_STANDARD = "gnu++0x";
				CLANG_CXX_LIBRARY = "libc++";
				CLANG_ENABLE_MODULES = YES;
				CLANG_ENABLE_OBJC_ARC = YES;
				CLANG_WARN_BOOL_CONVERSION = YES;
				CLANG_WARN_CONSTANT_CONVERSION = YES;
				CLANG_WARN_DIRECT_OBJC_ISA_USAGE = YES_ERROR;
				CLANG_WARN_EMPTY_BODY = YES;
				CLANG_WARN_ENUM_CONVERSION = YES;
				CLANG_WARN_INT_CONVERSION = YES;
				CLANG_WARN_OBJC_ROOT_CLASS = YES_ERROR;
				CLANG_WARN_UNREACHABLE_CODE = YES;
				CLANG_WARN__DUPLICATE_METHOD_MATCH = YES;
				"CODE_SIGN_IDENTITY[sdk=iphoneos*]" = "iPhone Developer";
				COPY_PHASE_STRIP = NO;
				DEBUG_INFORMATION_FORMAT = "dwarf-with-dsym";
				ENABLE_NS_ASSERTIONS = NO;
				ENABLE_STRICT_OBJC_MSGSEND = YES;
				GCC_C_LANGUAGE_STANDARD = gnu99;
				GCC_NO_COMMON_BLOCKS = YES;
				GCC_WARN_64_TO_32_BIT_CONVERSION = YES;
				GCC_WARN_ABOUT_RETURN_TYPE = YES_ERROR;
				GCC_WARN_UNDECLARED_SELECTOR = YES;
				GCC_WARN_UNINITIALIZED_AUTOS = YES_AGGRESSIVE;
				GCC_WARN_UNUSED_FUNCTION = YES;
				GCC_WARN_UNUSED_VARIABLE = YES;
				IPHONEOS_DEPLOYMENT_TARGET = 9.2;
				MTL_ENABLE_DEBUG_INFO = NO;
				SDKROOT = iphoneos;
				TARGETED_DEVICE_FAMILY = "1,2";
				VALIDATE_PRODUCT = YES;
			};
			name = Release;
		};
		B70871CF1CF5449B0051AC6D /* Debug */ = {
			isa = XCBuildConfiguration;
			buildSettings = {
				ASSETCATALOG_COMPILER_APPICON_NAME = AppIcon;
				INFOPLIST_FILE = ETSummnor/Info.plist;
				LD_RUNPATH_SEARCH_PATHS = "$(inherited) @executable_path/Frameworks";
				PRODUCT_BUNDLE_IDENTIFIER = com.eeeyes.ETSummnor;
				PRODUCT_NAME = "$(TARGET_NAME)";
			};
			name = Debug;
		};
		B70871D01CF5449B0051AC6D /* Release */ = {
			isa = XCBuildConfiguration;
			buildSettings = {
				ASSETCATALOG_COMPILER_APPICON_NAME = AppIcon;
				INFOPLIST_FILE = ETSummnor/Info.plist;
				LD_RUNPATH_SEARCH_PATHS = "$(inherited) @executable_path/Frameworks";
				PRODUCT_BUNDLE_IDENTIFIER = com.eeeyes.ETSummnor;
				PRODUCT_NAME = "$(TARGET_NAME)";
			};
			name = Release;
		};
/* End XCBuildConfiguration section */

/* Begin XCConfigurationList section */
		B70871B21CF5449B0051AC6D /* Build configuration list for PBXProject "ETSummnor" */ = {
			isa = XCConfigurationList;
			buildConfigurations = (
				B70871CC1CF5449B0051AC6D /* Debug */,
				B70871CD1CF5449B0051AC6D /* Release */,
			);
			defaultConfigurationIsVisible = 0;
			defaultConfigurationName = Release;
		};
		B70871CE1CF5449B0051AC6D /* Build configuration list for PBXNativeTarget "ETSummnor" */ = {
			isa = XCConfigurationList;
			buildConfigurations = (
				B70871CF1CF5449B0051AC6D /* Debug */,
				B70871D01CF5449B0051AC6D /* Release */,
			);
			defaultConfigurationIsVisible = 0;
		};
/* End XCConfigurationList section */
	};
	rootObject = B70871AF1CF5449B0051AC6D /* Project object */;
}
